
Microsoft Visual Studio Solution File, Format Version 12.00
# Visual Studio Version 17
VisualStudioVersion = 17.2.32630.192
MinimumVisualStudioVersion = 10.0.40219.1
Project("{9A19103F-16F7-4668-BE54-9A1E7A4F7556}") = "QuanLyKho", "QuanLyKho\QuanLyKho.csproj", "{8263F3A2-B0AE-41BA-A583-26ACA3B4CD7F}"
EndProject
Project("{9A19103F-16F7-4668-BE54-9A1E7A4F7556}") = "QuanLyKhoData", "QuanLyKhoData\QuanLyKhoData.csproj", "{4BBC4123-A868-4AA7-B6EA-B3F642F7997E}"
EndProject
Project("{9A19103F-16F7-4668-BE54-9A1E7A4F7556}") = "QuanLyKhoAppLication", "QuanLyKhoAppLication\QuanLyKhoAppLication.csproj", "{690C0971-D979-4815-898B-833063AE0E73}"
EndProject
Project("{9A19103F-16F7-4668-BE54-9A1E7A4F7556}") = "QuanLyKhoAdminManage", "QuanLyKhoAdminManage\QuanLyKhoAdminManage.csproj", "{CA76D4C6-64BB-472F-BD1E-7A232AE00CD6}"
EndProject
Project("{9A19103F-16F7-4668-BE54-9A1E7A4F7556}") = "QuanLyKhoViewModels", "QuanLyKhoViewModels\QuanLyKhoViewModels.csproj", "{6AA1228E-8B3C-49C0-B3B4-3A5A69202D76}"
EndProject
Project("{9A19103F-16F7-4668-BE54-9A1E7A4F7556}") = "QuanLyKhoUtilities", "QuanLyKhoUtilities\QuanLyKhoUtilities.csproj", "{07F02775-78C1-440C-A59E-52AD9DDA1C30}"
EndProject
Project("{9A19103F-16F7-4668-BE54-9A1E7A4F7556}") = "QuanLyKhoBackendapi", "QuanLyKhoBackendapi\QuanLyKhoBackendapi.csproj", "{8AFEB97F-96D1-4A28-AA46-8D7BFB526AB3}"
EndProject
Project("{2150E333-8FDC-42A3-9474-1A3956D46DE8}") = "1.Infrastructure", "1.Infrastructure", "{2AF3A44D-F69A-4E62-99B4-1F183DAA92A3}"
EndProject
Project("{2150E333-8FDC-42A3-9474-1A3956D46DE8}") = "2.Domain", "2.Domain", "{A72E6D40-C6AA-417D-A3A5-3DAF4FD355E8}"
EndProject
Project("{2150E333-8FDC-42A3-9474-1A3956D46DE8}") = "3.Host", "3.Host", "{2EAA4BC6-13F4-450D-90B5-80E3503E1C33}"
EndProject
Project("{2150E333-8FDC-42A3-9474-1A3956D46DE8}") = "Solution Items", "Solution Items", "{1F6C888F-B982-4A13-A424-5F8A04162CF5}"
	ProjectSection(SolutionItems) = preProject
		.editorconfig = .editorconfig
	EndProjectSection
EndProject
Global
	GlobalSection(SolutionConfigurationPlatforms) = preSolution
		Debug|Any CPU = Debug|Any CPU
		Release|Any CPU = Release|Any CPU
	EndGlobalSection
	GlobalSection(ProjectConfigurationPlatforms) = postSolution
		{8263F3A2-B0AE-41BA-A583-26ACA3B4CD7F}.Debug|Any CPU.ActiveCfg = Debug|Any CPU
		{8263F3A2-B0AE-41BA-A583-26ACA3B4CD7F}.Debug|Any CPU.Build.0 = Debug|Any CPU
		{8263F3A2-B0AE-41BA-A583-26ACA3B4CD7F}.Release|Any CPU.ActiveCfg = Release|Any CPU
		{8263F3A2-B0AE-41BA-A583-26ACA3B4CD7F}.Release|Any CPU.Build.0 = Release|Any CPU
		{4BBC4123-A868-4AA7-B6EA-B3F642F7997E}.Debug|Any CPU.ActiveCfg = Debug|Any CPU
		{4BBC4123-A868-4AA7-B6EA-B3F642F7997E}.Debug|Any CPU.Build.0 = Debug|Any CPU
		{4BBC4123-A868-4AA7-B6EA-B3F642F7997E}.Release|Any CPU.ActiveCfg = Release|Any CPU
		{4BBC4123-A868-4AA7-B6EA-B3F642F7997E}.Release|Any CPU.Build.0 = Release|Any CPU
		{690C0971-D979-4815-898B-833063AE0E73}.Debug|Any CPU.ActiveCfg = Debug|Any CPU
		{690C0971-D979-4815-898B-833063AE0E73}.Debug|Any CPU.Build.0 = Debug|Any CPU
		{690C0971-D979-4815-898B-833063AE0E73}.Release|Any CPU.ActiveCfg = Release|Any CPU
		{690C0971-D979-4815-898B-833063AE0E73}.Release|Any CPU.Build.0 = Release|Any CPU
		{CA76D4C6-64BB-472F-BD1E-7A232AE00CD6}.Debug|Any CPU.ActiveCfg = Debug|Any CPU
		{CA76D4C6-64BB-472F-BD1E-7A232AE00CD6}.Debug|Any CPU.Build.0 = Debug|Any CPU
		{CA76D4C6-64BB-472F-BD1E-7A232AE00CD6}.Release|Any CPU.ActiveCfg = Release|Any CPU
		{CA76D4C6-64BB-472F-BD1E-7A232AE00CD6}.Release|Any CPU.Build.0 = Release|Any CPU
		{6AA1228E-8B3C-49C0-B3B4-3A5A69202D76}.Debug|Any CPU.ActiveCfg = Debug|Any CPU
		{6AA1228E-8B3C-49C0-B3B4-3A5A69202D76}.Debug|Any CPU.Build.0 = Debug|Any CPU
		{6AA1228E-8B3C-49C0-B3B4-3A5A69202D76}.Release|Any CPU.ActiveCfg = Release|Any CPU
		{6AA1228E-8B3C-49C0-B3B4-3A5A69202D76}.Release|Any CPU.Build.0 = Release|Any CPU
		{07F02775-78C1-440C-A59E-52AD9DDA1C30}.Debug|Any CPU.ActiveCfg = Debug|Any CPU
		{07F02775-78C1-440C-A59E-52AD9DDA1C30}.Debug|Any CPU.Build.0 = Debug|Any CPU
		{07F02775-78C1-440C-A59E-52AD9DDA1C30}.Release|Any CPU.ActiveCfg = Release|Any CPU
		{07F02775-78C1-440C-A59E-52AD9DDA1C30}.Release|Any CPU.Build.0 = Release|Any CPU
		{8AFEB97F-96D1-4A28-AA46-8D7BFB526AB3}.Debug|Any CPU.ActiveCfg = Debug|Any CPU
		{8AFEB97F-96D1-4A28-AA46-8D7BFB526AB3}.Debug|Any CPU.Build.0 = Debug|Any CPU
		{8AFEB97F-96D1-4A28-AA46-8D7BFB526AB3}.Release|Any CPU.ActiveCfg = Release|Any CPU
		{8AFEB97F-96D1-4A28-AA46-8D7BFB526AB3}.Release|Any CPU.Build.0 = Release|Any CPU
	EndGlobalSection
	GlobalSection(SolutionProperties) = preSolution
		HideSolutionNode = FALSE
	EndGlobalSection
	GlobalSection(NestedProjects) = preSolution
		{8263F3A2-B0AE-41BA-A583-26ACA3B4CD7F} = {2EAA4BC6-13F4-450D-90B5-80E3503E1C33}
		{4BBC4123-A868-4AA7-B6EA-B3F642F7997E} = {A72E6D40-C6AA-417D-A3A5-3DAF4FD355E8}
		{690C0971-D979-4815-898B-833063AE0E73} = {A72E6D40-C6AA-417D-A3A5-3DAF4FD355E8}
		{CA76D4C6-64BB-472F-BD1E-7A232AE00CD6} = {2EAA4BC6-13F4-450D-90B5-80E3503E1C33}
		{6AA1228E-8B3C-49C0-B3B4-3A5A69202D76} = {2AF3A44D-F69A-4E62-99B4-1F183DAA92A3}
		{07F02775-78C1-440C-A59E-52AD9DDA1C30} = {2AF3A44D-F69A-4E62-99B4-1F183DAA92A3}
		{8AFEB97F-96D1-4A28-AA46-8D7BFB526AB3} = {2EAA4BC6-13F4-450D-90B5-80E3503E1C33}
	EndGlobalSection
	GlobalSection(ExtensibilityGlobals) = postSolution
		SolutionGuid = {E192491C-68BF-4F19-B969-1CEC504F9EFE}
	EndGlobalSection
EndGlobal
